
Microsoft Visual Studio Solution File, Format Version 12.00
# Visual Studio Version 16
VisualStudioVersion = 16.0.30225.117
MinimumVisualStudioVersion = 10.0.40219.1
Project("{F184B08F-C81C-45F6-A57F-5ABD9991F28F}") = "githubtest", "githubtest.vbproj", "{F72636CB-E4AA-4191-8FF8-BCDE2FBBA4D0}"
EndProject
Global
	GlobalSection(SolutionConfigurationPlatforms) = preSolution
		Debug|Any CPU = Debug|Any CPU
		Release|Any CPU = Release|Any CPU
	EndGlobalSection
	GlobalSection(ProjectConfigurationPlatforms) = postSolution
		{F72636CB-E4AA-4191-8FF8-BCDE2FBBA4D0}.Debug|Any CPU.ActiveCfg = Debug|Any CPU
		{F72636CB-E4AA-4191-8FF8-BCDE2FBBA4D0}.Debug|Any CPU.Build.0 = Debug|Any CPU
		{F72636CB-E4AA-4191-8FF8-BCDE2FBBA4D0}.Release|Any CPU.ActiveCfg = Release|Any CPU
		{F72636CB-E4AA-4191-8FF8-BCDE2FBBA4D0}.Release|Any CPU.Build.0 = Release|Any CPU
	EndGlobalSection
	GlobalSection(SolutionProperties) = preSolution
		HideSolutionNode = FALSE
	EndGlobalSection
	GlobalSection(ExtensibilityGlobals) = postSolution
		SolutionGuid = {E016A930-AE73-4AC8-AC48-9FF57E9B2838}
	EndGlobalSection
EndGlobal
